
Microsoft Visual Studio Solution File, Format Version 12.00
# Visual Studio Version 17
VisualStudioVersion = 17.5.33627.172
MinimumVisualStudioVersion = 10.0.40219.1
Project("{FAE04EC0-301F-11D3-BF4B-00C04F79EFBC}") = "katman", "katman\katman.csproj", "{051BD6FA-9745-41D2-892C-F6251CDE3445}"
EndProject
Project("{FAE04EC0-301F-11D3-BF4B-00C04F79EFBC}") = "entitylayer", "entitylayer\entitylayer.csproj", "{3532184E-7EB2-429F-A232-6ADDCEE09C5F}"
EndProject
Project("{FAE04EC0-301F-11D3-BF4B-00C04F79EFBC}") = "dataaccesslayer", "dataaccesslayer\dataaccesslayer.csproj", "{2969D5B2-9132-4563-9F88-E28EFD8FEFE5}"
EndProject
Project("{FAE04EC0-301F-11D3-BF4B-00C04F79EFBC}") = "businesslayer", "businesslayer\businesslayer.csproj", "{FF9A994E-14A4-493D-BE97-FDEEEC6ACDB3}"
EndProject
Global
	GlobalSection(SolutionConfigurationPlatforms) = preSolution
		Debug|Any CPU = Debug|Any CPU
		Release|Any CPU = Release|Any CPU
	EndGlobalSection
	GlobalSection(ProjectConfigurationPlatforms) = postSolution
		{051BD6FA-9745-41D2-892C-F6251CDE3445}.Debug|Any CPU.ActiveCfg = Debug|Any CPU
		{051BD6FA-9745-41D2-892C-F6251CDE3445}.Debug|Any CPU.Build.0 = Debug|Any CPU
		{051BD6FA-9745-41D2-892C-F6251CDE3445}.Release|Any CPU.ActiveCfg = Release|Any CPU
		{051BD6FA-9745-41D2-892C-F6251CDE3445}.Release|Any CPU.Build.0 = Release|Any CPU
		{3532184E-7EB2-429F-A232-6ADDCEE09C5F}.Debug|Any CPU.ActiveCfg = Debug|Any CPU
		{3532184E-7EB2-429F-A232-6ADDCEE09C5F}.Debug|Any CPU.Build.0 = Debug|Any CPU
		{3532184E-7EB2-429F-A232-6ADDCEE09C5F}.Release|Any CPU.ActiveCfg = Release|Any CPU
		{3532184E-7EB2-429F-A232-6ADDCEE09C5F}.Release|Any CPU.Build.0 = Release|Any CPU
		{2969D5B2-9132-4563-9F88-E28EFD8FEFE5}.Debug|Any CPU.ActiveCfg = Debug|Any CPU
		{2969D5B2-9132-4563-9F88-E28EFD8FEFE5}.Debug|Any CPU.Build.0 = Debug|Any CPU
		{2969D5B2-9132-4563-9F88-E28EFD8FEFE5}.Release|Any CPU.ActiveCfg = Release|Any CPU
		{2969D5B2-9132-4563-9F88-E28EFD8FEFE5}.Release|Any CPU.Build.0 = Release|Any CPU
		{FF9A994E-14A4-493D-BE97-FDEEEC6ACDB3}.Debug|Any CPU.ActiveCfg = Debug|Any CPU
		{FF9A994E-14A4-493D-BE97-FDEEEC6ACDB3}.Debug|Any CPU.Build.0 = Debug|Any CPU
		{FF9A994E-14A4-493D-BE97-FDEEEC6ACDB3}.Release|Any CPU.ActiveCfg = Release|Any CPU
		{FF9A994E-14A4-493D-BE97-FDEEEC6ACDB3}.Release|Any CPU.Build.0 = Release|Any CPU
	EndGlobalSection
	GlobalSection(SolutionProperties) = preSolution
		HideSolutionNode = FALSE
	EndGlobalSection
	GlobalSection(ExtensibilityGlobals) = postSolution
		SolutionGuid = {7FCAF403-8087-42E1-97F3-346D4709D8E9}
	EndGlobalSection
EndGlobal
